// !$*UTF8*$!
{
	archiveVersion = 1;
	classes = {
	};
	objectVersion = 50;
	objects = {

/* Begin PBXBuildFile section */
		BC8F4D87252F6D9C00D78F25 /* AppDelegate.swift in Sources */ = {isa = PBXBuildFile; fileRef = BC8F4D86252F6D9C00D78F25 /* AppDelegate.swift */; };
		BC8F4D89252F6D9C00D78F25 /* SceneDelegate.swift in Sources */ = {isa = PBXBuildFile; fileRef = BC8F4D88252F6D9C00D78F25 /* SceneDelegate.swift */; };
		BC8F4D8B252F6D9C00D78F25 /* ViewController.swift in Sources */ = {isa = PBXBuildFile; fileRef = BC8F4D8A252F6D9C00D78F25 /* ViewController.swift */; };
		BC8F4D8E252F6D9C00D78F25 /* Main.storyboard in Resources */ = {isa = PBXBuildFile; fileRef = BC8F4D8C252F6D9C00D78F25 /* Main.storyboard */; };
		BC8F4D90252F6D9F00D78F25 /* Assets.xcassets in Resources */ = {isa = PBXBuildFile; fileRef = BC8F4D8F252F6D9F00D78F25 /* Assets.xcassets */; };
		BC8F4D93252F6D9F00D78F25 /* LaunchScreen.storyboard in Resources */ = {isa = PBXBuildFile; fileRef = BC8F4D91252F6D9F00D78F25 /* LaunchScreen.storyboard */; };
		BC8F4D9E252F6D9F00D78F25 /* TipsterTests.swift in Sources */ = {isa = PBXBuildFile; fileRef = BC8F4D9D252F6D9F00D78F25 /* TipsterTests.swift */; };
		BC8F4DA9252F6DA000D78F25 /* TipsterUITests.swift in Sources */ = {isa = PBXBuildFile; fileRef = BC8F4DA8252F6DA000D78F25 /* TipsterUITests.swift */; };
		BC8F4DBA252FA5DD00D78F25 /* SettingsViewController.swift in Sources */ = {isa = PBXBuildFile; fileRef = BC8F4DB9252FA5DD00D78F25 /* SettingsViewController.swift */; };
/* End PBXBuildFile section */

/* Begin PBXContainerItemProxy section */
		BC8F4D9A252F6D9F00D78F25 /* PBXContainerItemProxy */ = {
			isa = PBXContainerItemProxy;
			containerPortal = BC8F4D7B252F6D9C00D78F25 /* Project object */;
			proxyType = 1;
			remoteGlobalIDString = BC8F4D82252F6D9C00D78F25;
			remoteInfo = Tipster;
		};
		BC8F4DA5252F6D9F00D78F25 /* PBXContainerItemProxy */ = {
			isa = PBXContainerItemProxy;
			containerPortal = BC8F4D7B252F6D9C00D78F25 /* Project object */;
			proxyType = 1;
			remoteGlobalIDString = BC8F4D82252F6D9C00D78F25;
			remoteInfo = Tipster;
		};
/* End PBXContainerItemProxy section */

/* Begin PBXFileReference section */
		BC8F4D83252F6D9C00D78F25 /* Tipster.app */ = {isa = PBXFileReference; explicitFileType = wrapper.application; includeInIndex = 0; path = Tipster.app; sourceTree = BUILT_PRODUCTS_DIR; };
		BC8F4D86252F6D9C00D78F25 /* AppDelegate.swift */ = {isa = PBXFileReference; lastKnownFileType = sourcecode.swift; path = AppDelegate.swift; sourceTree = "<group>"; };
		BC8F4D88252F6D9C00D78F25 /* SceneDelegate.swift */ = {isa = PBXFileReference; lastKnownFileType = sourcecode.swift; path = SceneDelegate.swift; sourceTree = "<group>"; };
		BC8F4D8A252F6D9C00D78F25 /* ViewController.swift */ = {isa = PBXFileReference; lastKnownFileType = sourcecode.swift; path = ViewController.swift; sourceTree = "<group>"; };
		BC8F4D8D252F6D9C00D78F25 /* Base */ = {isa = PBXFileReference; lastKnownFileType = file.storyboard; name = Base; path = Base.lproj/Main.storyboard; sourceTree = "<group>"; };
		BC8F4D8F252F6D9F00D78F25 /* Assets.xcassets */ = {isa = PBXFileReference; lastKnownFileType = folder.assetcatalog; path = Assets.xcassets; sourceTree = "<group>"; };
		BC8F4D92252F6D9F00D78F25 /* Base */ = {isa = PBXFileReference; lastKnownFileType = file.storyboard; name = Base; path = Base.lproj/LaunchScreen.storyboard; sourceTree = "<group>"; };
		BC8F4D94252F6D9F00D78F25 /* Info.plist */ = {isa = PBXFileReference; lastKnownFileType = text.plist.xml; path = Info.plist; sourceTree = "<group>"; };
		BC8F4D99252F6D9F00D78F25 /* TipsterTests.xctest */ = {isa = PBXFileReference; explicitFileType = wrapper.cfbundle; includeInIndex = 0; path = TipsterTests.xctest; sourceTree = BUILT_PRODUCTS_DIR; };
		BC8F4D9D252F6D9F00D78F25 /* TipsterTests.swift */ = {isa = PBXFileReference; lastKnownFileType = sourcecode.swift; path = TipsterTests.swift; sourceTree = "<group>"; };
		BC8F4D9F252F6D9F00D78F25 /* Info.plist */ = {isa = PBXFileReference; lastKnownFileType = text.plist.xml; path = Info.plist; sourceTree = "<group>"; };
		BC8F4DA4252F6D9F00D78F25 /* TipsterUITests.xctest */ = {isa = PBXFileReference; explicitFileType = wrapper.cfbundle; includeInIndex = 0; path = TipsterUITests.xctest; sourceTree = BUILT_PRODUCTS_DIR; };
		BC8F4DA8252F6DA000D78F25 /* TipsterUITests.swift */ = {isa = PBXFileReference; lastKnownFileType = sourcecode.swift; path = TipsterUITests.swift; sourceTree = "<group>"; };
		BC8F4DAA252F6DA000D78F25 /* Info.plist */ = {isa = PBXFileReference; lastKnownFileType = text.plist.xml; path = Info.plist; sourceTree = "<group>"; };
		BC8F4DB9252FA5DD00D78F25 /* SettingsViewController.swift */ = {isa = PBXFileReference; lastKnownFileType = sourcecode.swift; path = SettingsViewController.swift; sourceTree = "<group>"; };
/* End PBXFileReference section */

/* Begin PBXFrameworksBuildPhase section */
		BC8F4D80252F6D9C00D78F25 /* Frameworks */ = {
			isa = PBXFrameworksBuildPhase;
			buildActionMask = 2147483647;
			files = (
			);
			runOnlyForDeploymentPostprocessing = 0;
		};
		BC8F4D96252F6D9F00D78F25 /* Frameworks */ = {
			isa = PBXFrameworksBuildPhase;
			buildActionMask = 2147483647;
			files = (
			);
			runOnlyForDeploymentPostprocessing = 0;
		};
		BC8F4DA1252F6D9F00D78F25 /* Frameworks */ = {
			isa = PBXFrameworksBuildPhase;
			buildActionMask = 2147483647;
			files = (
			);
			runOnlyForDeploymentPostprocessing = 0;
		};
/* End PBXFrameworksBuildPhase section */

/* Begin PBXGroup section */
		BC8F4D7A252F6D9C00D78F25 = {
			isa = PBXGroup;
			children = (
				BC8F4D85252F6D9C00D78F25 /* Tipster */,
				BC8F4D9C252F6D9F00D78F25 /* TipsterTests */,
				BC8F4DA7252F6DA000D78F25 /* TipsterUITests */,
				BC8F4D84252F6D9C00D78F25 /* Products */,
			);
			sourceTree = "<group>";
		};
		BC8F4D84252F6D9C00D78F25 /* Products */ = {
			isa = PBXGroup;
			children = (
				BC8F4D83252F6D9C00D78F25 /* Tipster.app */,
				BC8F4D99252F6D9F00D78F25 /* TipsterTests.xctest */,
				BC8F4DA4252F6D9F00D78F25 /* TipsterUITests.xctest */,
			);
			name = Products;
			sourceTree = "<group>";
		};
		BC8F4D85252F6D9C00D78F25 /* Tipster */ = {
			isa = PBXGroup;
			children = (
				BC8F4D86252F6D9C00D78F25 /* AppDelegate.swift */,
				BC8F4D88252F6D9C00D78F25 /* SceneDelegate.swift */,
				BC8F4D8A252F6D9C00D78F25 /* ViewController.swift */,
				BC8F4D8C252F6D9C00D78F25 /* Main.storyboard */,
				BC8F4DB9252FA5DD00D78F25 /* SettingsViewController.swift */,
				BC8F4D8F252F6D9F00D78F25 /* Assets.xcassets */,
				BC8F4D91252F6D9F00D78F25 /* LaunchScreen.storyboard */,
				BC8F4D94252F6D9F00D78F25 /* Info.plist */,
			);
			path = Tipster;
			sourceTree = "<group>";
		};
		BC8F4D9C252F6D9F00D78F25 /* TipsterTests */ = {
			isa = PBXGroup;
			children = (
				BC8F4D9D252F6D9F00D78F25 /* TipsterTests.swift */,
				BC8F4D9F252F6D9F00D78F25 /* Info.plist */,
			);
			path = TipsterTests;
			sourceTree = "<group>";
		};
		BC8F4DA7252F6DA000D78F25 /* TipsterUITests */ = {
			isa = PBXGroup;
			children = (
				BC8F4DA8252F6DA000D78F25 /* TipsterUITests.swift */,
				BC8F4DAA252F6DA000D78F25 /* Info.plist */,
			);
			path = TipsterUITests;
			sourceTree = "<group>";
		};
/* End PBXGroup section */

/* Begin PBXNativeTarget section */
		BC8F4D82252F6D9C00D78F25 /* Tipster */ = {
			isa = PBXNativeTarget;
			buildConfigurationList = BC8F4DAD252F6DA000D78F25 /* Build configuration list for PBXNativeTarget "Tipster" */;
			buildPhases = (
				BC8F4D7F252F6D9C00D78F25 /* Sources */,
				BC8F4D80252F6D9C00D78F25 /* Frameworks */,
				BC8F4D81252F6D9C00D78F25 /* Resources */,
			);
			buildRules = (
			);
			dependencies = (
			);
			name = Tipster;
			productName = Tipster;
			productReference = BC8F4D83252F6D9C00D78F25 /* Tipster.app */;
			productType = "com.apple.product-type.application";
		};
		BC8F4D98252F6D9F00D78F25 /* TipsterTests */ = {
			isa = PBXNativeTarget;
			buildConfigurationList = BC8F4DB0252F6DA000D78F25 /* Build configuration list for PBXNativeTarget "TipsterTests" */;
			buildPhases = (
				BC8F4D95252F6D9F00D78F25 /* Sources */,
				BC8F4D96252F6D9F00D78F25 /* Frameworks */,
				BC8F4D97252F6D9F00D78F25 /* Resources */,
			);
			buildRules = (
			);
			dependencies = (
				BC8F4D9B252F6D9F00D78F25 /* PBXTargetDependency */,
			);
			name = TipsterTests;
			productName = TipsterTests;
			productReference = BC8F4D99252F6D9F00D78F25 /* TipsterTests.xctest */;
			productType = "com.apple.product-type.bundle.unit-test";
		};
		BC8F4DA3252F6D9F00D78F25 /* TipsterUITests */ = {
			isa = PBXNativeTarget;
			buildConfigurationList = BC8F4DB3252F6DA000D78F25 /* Build configuration list for PBXNativeTarget "TipsterUITests" */;
			buildPhases = (
				BC8F4DA0252F6D9F00D78F25 /* Sources */,
				BC8F4DA1252F6D9F00D78F25 /* Frameworks */,
				BC8F4DA2252F6D9F00D78F25 /* Resources */,
			);
			buildRules = (
			);
			dependencies = (
				BC8F4DA6252F6D9F00D78F25 /* PBXTargetDependency */,
			);
			name = TipsterUITests;
			productName = TipsterUITests;
			productReference = BC8F4DA4252F6D9F00D78F25 /* TipsterUITests.xctest */;
			productType = "com.apple.product-type.bundle.ui-testing";
		};
/* End PBXNativeTarget section */

/* Begin PBXProject section */
		BC8F4D7B252F6D9C00D78F25 /* Project object */ = {
			isa = PBXProject;
			attributes = {
				LastSwiftUpdateCheck = 1200;
				LastUpgradeCheck = 1200;
				TargetAttributes = {
					BC8F4D82252F6D9C00D78F25 = {
						CreatedOnToolsVersion = 12.0.1;
					};
					BC8F4D98252F6D9F00D78F25 = {
						CreatedOnToolsVersion = 12.0.1;
						TestTargetID = BC8F4D82252F6D9C00D78F25;
					};
					BC8F4DA3252F6D9F00D78F25 = {
						CreatedOnToolsVersion = 12.0.1;
						TestTargetID = BC8F4D82252F6D9C00D78F25;
					};
				};
			};
			buildConfigurationList = BC8F4D7E252F6D9C00D78F25 /* Build configuration list for PBXProject "Tipster" */;
			compatibilityVersion = "Xcode 9.3";
			developmentRegion = en;
			hasScannedForEncodings = 0;
			knownRegions = (
				en,
				Base,
			);
			mainGroup = BC8F4D7A252F6D9C00D78F25;
			productRefGroup = BC8F4D84252F6D9C00D78F25 /* Products */;
			projectDirPath = "";
			projectRoot = "";
			targets = (
				BC8F4D82252F6D9C00D78F25 /* Tipster */,
				BC8F4D98252F6D9F00D78F25 /* TipsterTests */,
				BC8F4DA3252F6D9F00D78F25 /* TipsterUITests */,
			);
		};
/* End PBXProject section */

/* Begin PBXResourcesBuildPhase section */
		BC8F4D81252F6D9C00D78F25 /* Resources */ = {
			isa = PBXResourcesBuildPhase;
			buildActionMask = 2147483647;
			files = (
				BC8F4D93252F6D9F00D78F25 /* LaunchScreen.storyboard in Resources */,
				BC8F4D90252F6D9F00D78F25 /* Assets.xcassets in Resources */,
				BC8F4D8E252F6D9C00D78F25 /* Main.storyboard in Resources */,
			);
			runOnlyForDeploymentPostprocessing = 0;
		};
		BC8F4D97252F6D9F00D78F25 /* Resources */ = {
			isa = PBXResourcesBuildPhase;
			buildActionMask = 2147483647;
			files = (
			);
			runOnlyForDeploymentPostprocessing = 0;
		};
		BC8F4DA2252F6D9F00D78F25 /* Resources */ = {
			isa = PBXResourcesBuildPhase;
			buildActionMask = 2147483647;
			files = (
			);
			runOnlyForDeploymentPostprocessing = 0;
		};
/* End PBXResourcesBuildPhase section */

/* Begin PBXSourcesBuildPhase section */
		BC8F4D7F252F6D9C00D78F25 /* Sources */ = {
			isa = PBXSourcesBuildPhase;
			buildActionMask = 2147483647;
			files = (
				BC8F4D8B252F6D9C00D78F25 /* ViewController.swift in Sources */,
				BC8F4D87252F6D9C00D78F25 /* AppDelegate.swift in Sources */,
				BC8F4D89252F6D9C00D78F25 /* SceneDelegate.swift in Sources */,
				BC8F4DBA252FA5DD00D78F25 /* SettingsViewController.swift in Sources */,
			);
			runOnlyForDeploymentPostprocessing = 0;
		};
		BC8F4D95252F6D9F00D78F25 /* Sources */ = {
			isa = PBXSourcesBuildPhase;
			buildActionMask = 2147483647;
			files = (
				BC8F4D9E252F6D9F00D78F25 /* TipsterTests.swift in Sources */,
			);
			runOnlyForDeploymentPostprocessing = 0;
		};
		BC8F4DA0252F6D9F00D78F25 /* Sources */ = {
			isa = PBXSourcesBuildPhase;
			buildActionMask = 2147483647;
			files = (
				BC8F4DA9252F6DA000D78F25 /* TipsterUITests.swift in Sources */,
			);
			runOnlyForDeploymentPostprocessing = 0;
		};
/* End PBXSourcesBuildPhase section */

/* Begin PBXTargetDependency section */
		BC8F4D9B252F6D9F00D78F25 /* PBXTargetDependency */ = {
			isa = PBXTargetDependency;
			target = BC8F4D82252F6D9C00D78F25 /* Tipster */;
			targetProxy = BC8F4D9A252F6D9F00D78F25 /* PBXContainerItemProxy */;
		};
		BC8F4DA6252F6D9F00D78F25 /* PBXTargetDependency */ = {
			isa = PBXTargetDependency;
			target = BC8F4D82252F6D9C00D78F25 /* Tipster */;
			targetProxy = BC8F4DA5252F6D9F00D78F25 /* PBXContainerItemProxy */;
		};
/* End PBXTargetDependency section */

/* Begin PBXVariantGroup section */
		BC8F4D8C252F6D9C00D78F25 /* Main.storyboard */ = {
			isa = PBXVariantGroup;
			children = (
				BC8F4D8D252F6D9C00D78F25 /* Base */,
			);
			name = Main.storyboard;
			sourceTree = "<group>";
		};
		BC8F4D91252F6D9F00D78F25 /* LaunchScreen.storyboard */ = {
			isa = PBXVariantGroup;
			children = (
				BC8F4D92252F6D9F00D78F25 /* Base */,
			);
			name = LaunchScreen.storyboard;
			sourceTree = "<group>";
		};
/* End PBXVariantGroup section */

/* Begin XCBuildConfiguration section */
		BC8F4DAB252F6DA000D78F25 /* Debug */ = {
			isa = XCBuildConfiguration;
			buildSettings = {
				ALWAYS_SEARCH_USER_PATHS = NO;
				CLANG_ANALYZER_NONNULL = YES;
				CLANG_ANALYZER_NUMBER_OBJECT_CONVERSION = YES_AGGRESSIVE;
				CLANG_CXX_LANGUAGE_STANDARD = "gnu++14";
				CLANG_CXX_LIBRARY = "libc++";
				CLANG_ENABLE_MODULES = YES;
				CLANG_ENABLE_OBJC_ARC = YES;
				CLANG_ENABLE_OBJC_WEAK = YES;
				CLANG_WARN_BLOCK_CAPTURE_AUTORELEASING = YES;
				CLANG_WARN_BOOL_CONVERSION = YES;
				CLANG_WARN_COMMA = YES;
				CLANG_WARN_CONSTANT_CONVERSION = YES;
				CLANG_WARN_DEPRECATED_OBJC_IMPLEMENTATIONS = YES;
				CLANG_WARN_DIRECT_OBJC_ISA_USAGE = YES_ERROR;
				CLANG_WARN_DOCUMENTATION_COMMENTS = YES;
				CLANG_WARN_EMPTY_BODY = YES;
				CLANG_WARN_ENUM_CONVERSION = YES;
				CLANG_WARN_INFINITE_RECURSION = YES;
				CLANG_WARN_INT_CONVERSION = YES;
				CLANG_WARN_NON_LITERAL_NULL_CONVERSION = YES;
				CLANG_WARN_OBJC_IMPLICIT_RETAIN_SELF = YES;
				CLANG_WARN_OBJC_LITERAL_CONVERSION = YES;
				CLANG_WARN_OBJC_ROOT_CLASS = YES_ERROR;
				CLANG_WARN_QUOTED_INCLUDE_IN_FRAMEWORK_HEADER = YES;
				CLANG_WARN_RANGE_LOOP_ANALYSIS = YES;
				CLANG_WARN_STRICT_PROTOTYPES = YES;
				CLANG_WARN_SUSPICIOUS_MOVE = YES;
				CLANG_WARN_UNGUARDED_AVAILABILITY = YES_AGGRESSIVE;
				CLANG_WARN_UNREACHABLE_CODE = YES;
				CLANG_WARN__DUPLICATE_METHOD_MATCH = YES;
				COPY_PHASE_STRIP = NO;
				DEBUG_INFORMATION_FORMAT = dwarf;
				ENABLE_STRICT_OBJC_MSGSEND = YES;
				ENABLE_TESTABILITY = YES;
				GCC_C_LANGUAGE_STANDARD = gnu11;
				GCC_DYNAMIC_NO_PIC = NO;
				GCC_NO_COMMON_BLOCKS = YES;
				GCC_OPTIMIZATION_LEVEL = 0;
				GCC_PREPROCESSOR_DEFINITIONS = (
					"DEBUG=1",
					"$(inherited)",
				);
				GCC_WARN_64_TO_32_BIT_CONVERSION = YES;
				GCC_WARN_ABOUT_RETURN_TYPE = YES_ERROR;
				GCC_WARN_UNDECLARED_SELECTOR = YES;
				GCC_WARN_UNINITIALIZED_AUTOS = YES_AGGRESSIVE;
				GCC_WARN_UNUSED_FUNCTION = YES;
				GCC_WARN_UNUSED_VARIABLE = YES;
				IPHONEOS_DEPLOYMENT_TARGET = 14.0;
				MTL_ENABLE_DEBUG_INFO = INCLUDE_SOURCE;
				MTL_FAST_MATH = YES;
				ONLY_ACTIVE_ARCH = YES;
				SDKROOT = iphoneos;
				SWIFT_ACTIVE_COMPILATION_CONDITIONS = DEBUG;
				SWIFT_OPTIMIZATION_LEVEL = "-Onone";
			};
			name = Debug;
		};
		BC8F4DAC252F6DA000D78F25 /* Release */ = {
			isa = XCBuildConfiguration;
			buildSettings = {
				ALWAYS_SEARCH_USER_PATHS = NO;
				CLANG_ANALYZER_NONNULL = YES;
				CLANG_ANALYZER_NUMBER_OBJECT_CONVERSION = YES_AGGRESSIVE;
				CLANG_CXX_LANGUAGE_STANDARD = "gnu++14";
				CLANG_CXX_LIBRARY = "libc++";
				CLANG_ENABLE_MODULES = YES;
				CLANG_ENABLE_OBJC_ARC = YES;
				CLANG_ENABLE_OBJC_WEAK = YES;
				CLANG_WARN_BLOCK_CAPTURE_AUTORELEASING = YES;
				CLANG_WARN_BOOL_CONVERSION = YES;
				CLANG_WARN_COMMA = YES;
				CLANG_WARN_CONSTANT_CONVERSION = YES;
				CLANG_WARN_DEPRECATED_OBJC_IMPLEMENTATIONS = YES;
				CLANG_WARN_DIRECT_OBJC_ISA_USAGE = YES_ERROR;
				CLANG_WARN_DOCUMENTATION_COMMENTS = YES;
				CLANG_WARN_EMPTY_BODY = YES;
				CLANG_WARN_ENUM_CONVERSION = YES;
				CLANG_WARN_INFINITE_RECURSION = YES;
				CLANG_WARN_INT_CONVERSION = YES;
				CLANG_WARN_NON_LITERAL_NULL_CONVERSION = YES;
				CLANG_WARN_OBJC_IMPLICIT_RETAIN_SELF = YES;
				CLANG_WARN_OBJC_LITERAL_CONVERSION = YES;
				CLANG_WARN_OBJC_ROOT_CLASS = YES_ERROR;
				CLANG_WARN_QUOTED_INCLUDE_IN_FRAMEWORK_HEADER = YES;
				CLANG_WARN_RANGE_LOOP_ANALYSIS = YES;
				CLANG_WARN_STRICT_PROTOTYPES = YES;
				CLANG_WARN_SUSPICIOUS_MOVE = YES;
				CLANG_WARN_UNGUARDED_AVAILABILITY = YES_AGGRESSIVE;
				CLANG_WARN_UNREACHABLE_CODE = YES;
				CLANG_WARN__DUPLICATE_METHOD_MATCH = YES;
				COPY_PHASE_STRIP = NO;
				DEBUG_INFORMATION_FORMAT = "dwarf-with-dsym";
				ENABLE_NS_ASSERTIONS = NO;
				ENABLE_STRICT_OBJC_MSGSEND = YES;
				GCC_C_LANGUAGE_STANDARD = gnu11;
				GCC_NO_COMMON_BLOCKS = YES;
				GCC_WARN_64_TO_32_BIT_CONVERSION = YES;
				GCC_WARN_ABOUT_RETURN_TYPE = YES_ERROR;
				GCC_WARN_UNDECLARED_SELECTOR = YES;
				GCC_WARN_UNINITIALIZED_AUTOS = YES_AGGRESSIVE;
				GCC_WARN_UNUSED_FUNCTION = YES;
				GCC_WARN_UNUSED_VARIABLE = YES;
				IPHONEOS_DEPLOYMENT_TARGET = 14.0;
				MTL_ENABLE_DEBUG_INFO = NO;
				MTL_FAST_MATH = YES;
				SDKROOT = iphoneos;
				SWIFT_COMPILATION_MODE = wholemodule;
				SWIFT_OPTIMIZATION_LEVEL = "-O";
				VALIDATE_PRODUCT = YES;
			};
			name = Release;
		};
		BC8F4DAE252F6DA000D78F25 /* Debug */ = {
			isa = XCBuildConfiguration;
			buildSettings = {
				ASSETCATALOG_COMPILER_APPICON_NAME = AppIcon;
				ASSETCATALOG_COMPILER_GLOBAL_ACCENT_COLOR_NAME = AccentColor;
				CODE_SIGN_STYLE = Automatic;
				INFOPLIST_FILE = Tipster/Info.plist;
				LD_RUNPATH_SEARCH_PATHS = (
					"$(inherited)",
					"@executable_path/Frameworks",
				);
				PRODUCT_BUNDLE_IDENTIFIER = Codepath.Tipster;
				PRODUCT_NAME = "$(TARGET_NAME)";
				SWIFT_VERSION = 5.0;
				TARGETED_DEVICE_FAMILY = "1,2";
			};
			name = Debug;
		};
		BC8F4DAF252F6DA000D78F25 /* Release */ = {
			isa = XCBuildConfiguration;
			buildSettings = {
				ASSETCATALOG_COMPILER_APPICON_NAME = AppIcon;
				ASSETCATALOG_COMPILER_GLOBAL_ACCENT_COLOR_NAME = AccentColor;
				CODE_SIGN_STYLE = Automatic;
				INFOPLIST_FILE = Tipster/Info.plist;
				LD_RUNPATH_SEARCH_PATHS = (
					"$(inherited)",
					"@executable_path/Frameworks",
				);
				PRODUCT_BUNDLE_IDENTIFIER = Codepath.Tipster;
				PRODUCT_NAME = "$(TARGET_NAME)";
				SWIFT_VERSION = 5.0;
				TARGETED_DEVICE_FAMILY = "1,2";
			};
			name = Release;
		};
		BC8F4DB1252F6DA000D78F25 /* Debug */ = {
			isa = XCBuildConfiguration;
			buildSettings = {
				ALWAYS_EMBED_SWIFT_STANDARD_LIBRARIES = YES;
				BUNDLE_LOADER = "$(TEST_HOST)";
				CODE_SIGN_STYLE = Automatic;
				INFOPLIST_FILE = TipsterTests/Info.plist;
				IPHONEOS_DEPLOYMENT_TARGET = 14.0;
				LD_RUNPATH_SEARCH_PATHS = (
					"$(inherited)",
					"@executable_path/Frameworks",
					"@loader_path/Frameworks",
				);
				PRODUCT_BUNDLE_IDENTIFIER = Codepath.TipsterTests;
				PRODUCT_NAME = "$(TARGET_NAME)";
				SWIFT_VERSION = 5.0;
				TARGETED_DEVICE_FAMILY = "1,2";
				TEST_HOST = "$(BUILT_PRODUCTS_DIR)/Tipster.app/Tipster";
			};
			name = Debug;
		};
		BC8F4DB2252F6DA000D78F25 /* Release */ = {
			isa = XCBuildConfiguration;
			buildSettings = {
				ALWAYS_EMBED_SWIFT_STANDARD_LIBRARIES = YES;
				BUNDLE_LOADER = "$(TEST_HOST)";
				CODE_SIGN_STYLE = Automatic;
				INFOPLIST_FILE = TipsterTests/Info.plist;
				IPHONEOS_DEPLOYMENT_TARGET = 14.0;
				LD_RUNPATH_SEARCH_PATHS = (
					"$(inherited)",
					"@executable_path/Frameworks",
					"@loader_path/Frameworks",
				);
				PRODUCT_BUNDLE_IDENTIFIER = Codepath.TipsterTests;
				PRODUCT_NAME = "$(TARGET_NAME)";
				SWIFT_VERSION = 5.0;
				TARGETED_DEVICE_FAMILY = "1,2";
				TEST_HOST = "$(BUILT_PRODUCTS_DIR)/Tipster.app/Tipster";
			};
			name = Release;
		};
		BC8F4DB4252F6DA000D78F25 /* Debug */ = {
			isa = XCBuildConfiguration;
			buildSettings = {
				ALWAYS_EMBED_SWIFT_STANDARD_LIBRARIES = YES;
				CODE_SIGN_STYLE = Automatic;
				INFOPLIST_FILE = TipsterUITests/Info.plist;
				LD_RUNPATH_SEARCH_PATHS = (
					"$(inherited)",
					"@executable_path/Frameworks",
					"@loader_path/Frameworks",
				);
				PRODUCT_BUNDLE_IDENTIFIER = Codepath.TipsterUITests;
				PRODUCT_NAME = "$(TARGET_NAME)";
				SWIFT_VERSION = 5.0;
				TARGETED_DEVICE_FAMILY = "1,2";
				TEST_TARGET_NAME = Tipster;
			};
			name = Debug;
		};
		BC8F4DB5252F6DA000D78F25 /* Release */ = {
			isa = XCBuildConfiguration;
			buildSettings = {
				ALWAYS_EMBED_SWIFT_STANDARD_LIBRARIES = YES;
				CODE_SIGN_STYLE = Automatic;
				INFOPLIST_FILE = TipsterUITests/Info.plist;
				LD_RUNPATH_SEARCH_PATHS = (
					"$(inherited)",
					"@executable_path/Frameworks",
					"@loader_path/Frameworks",
				);
				PRODUCT_BUNDLE_IDENTIFIER = Codepath.TipsterUITests;
				PRODUCT_NAME = "$(TARGET_NAME)";
				SWIFT_VERSION = 5.0;
				TARGETED_DEVICE_FAMILY = "1,2";
				TEST_TARGET_NAME = Tipster;
			};
			name = Release;
		};
/* End XCBuildConfiguration section */

/* Begin XCConfigurationList section */
		BC8F4D7E252F6D9C00D78F25 /* Build configuration list for PBXProject "Tipster" */ = {
			isa = XCConfigurationList;
			buildConfigurations = (
				BC8F4DAB252F6DA000D78F25 /* Debug */,
				BC8F4DAC252F6DA000D78F25 /* Release */,
			);
			defaultConfigurationIsVisible = 0;
			defaultConfigurationName = Release;
		};
		BC8F4DAD252F6DA000D78F25 /* Build configuration list for PBXNativeTarget "Tipster" */ = {
			isa = XCConfigurationList;
			buildConfigurations = (
				BC8F4DAE252F6DA000D78F25 /* Debug */,
				BC8F4DAF252F6DA000D78F25 /* Release */,
			);
			defaultConfigurationIsVisible = 0;
			defaultConfigurationName = Release;
		};
		BC8F4DB0252F6DA000D78F25 /* Build configuration list for PBXNativeTarget "TipsterTests" */ = {
			isa = XCConfigurationList;
			buildConfigurations = (
				BC8F4DB1252F6DA000D78F25 /* Debug */,
				BC8F4DB2252F6DA000D78F25 /* Release */,
			);
			defaultConfigurationIsVisible = 0;
			defaultConfigurationName = Release;
		};
		BC8F4DB3252F6DA000D78F25 /* Build configuration list for PBXNativeTarget "TipsterUITests" */ = {
			isa = XCConfigurationList;
			buildConfigurations = (
				BC8F4DB4252F6DA000D78F25 /* Debug */,
				BC8F4DB5252F6DA000D78F25 /* Release */,
			);
			defaultConfigurationIsVisible = 0;
			defaultConfigurationName = Release;
		};
/* End XCConfigurationList section */
	};
	rootObject = BC8F4D7B252F6D9C00D78F25 /* Project object */;
}
